
Microsoft Visual Studio Solution File, Format Version 12.00
# Visual Studio Version 17
VisualStudioVersion = 17.12.35707.178 d17.12
MinimumVisualStudioVersion = 10.0.40219.1
Project("{FAE04EC0-301F-11D3-BF4B-00C04F79EFBC}") = "RapidPay", "RapidPay\RapidPay.csproj", "{83775126-966E-4441-AEEE-6EC7ED69D570}"
EndProject
Global
	GlobalSection(SolutionConfigurationPlatforms) = preSolution
		Debug|Any CPU = Debug|Any CPU
		Release|Any CPU = Release|Any CPU
	EndGlobalSection
	GlobalSection(ProjectConfigurationPlatforms) = postSolution
		{83775126-966E-4441-AEEE-6EC7ED69D570}.Debug|Any CPU.ActiveCfg = Debug|Any CPU
		{83775126-966E-4441-AEEE-6EC7ED69D570}.Debug|Any CPU.Build.0 = Debug|Any CPU
		{83775126-966E-4441-AEEE-6EC7ED69D570}.Release|Any CPU.ActiveCfg = Release|Any CPU
		{83775126-966E-4441-AEEE-6EC7ED69D570}.Release|Any CPU.Build.0 = Release|Any CPU
	EndGlobalSection
	GlobalSection(SolutionProperties) = preSolution
		HideSolutionNode = FALSE
	EndGlobalSection
EndGlobal
